// !$*UTF8*$!
{
	archiveVersion = 1;
	classes = {
	};
	objectVersion = 77;
	objects = {

/* Begin PBXContainerItemProxy section */
		4B9223032CB1FECF002923D9 /* PBXContainerItemProxy */ = {
			isa = PBXContainerItemProxy;
			containerPortal = 4B9222EA2CB1FECE002923D9 /* Project object */;
			proxyType = 1;
			remoteGlobalIDString = 4B9222F12CB1FECE002923D9;
			remoteInfo = LinkLibrary;
		};
		4B92230D2CB1FECF002923D9 /* PBXContainerItemProxy */ = {
			isa = PBXContainerItemProxy;
			containerPortal = 4B9222EA2CB1FECE002923D9 /* Project object */;
			proxyType = 1;
			remoteGlobalIDString = 4B9222F12CB1FECE002923D9;
			remoteInfo = LinkLibrary;
		};
/* End PBXContainerItemProxy section */

/* Begin PBXFileReference section */
		4B9222F22CB1FECE002923D9 /* LinkLibrary.app */ = {isa = PBXFileReference; explicitFileType = wrapper.application; includeInIndex = 0; path = LinkLibrary.app; sourceTree = BUILT_PRODUCTS_DIR; };
		4B9223022CB1FECF002923D9 /* LinkLibraryTests.xctest */ = {isa = PBXFileReference; explicitFileType = wrapper.cfbundle; includeInIndex = 0; path = LinkLibraryTests.xctest; sourceTree = BUILT_PRODUCTS_DIR; };
		4B92230C2CB1FECF002923D9 /* LinkLibraryUITests.xctest */ = {isa = PBXFileReference; explicitFileType = wrapper.cfbundle; includeInIndex = 0; path = LinkLibraryUITests.xctest; sourceTree = BUILT_PRODUCTS_DIR; };
/* End PBXFileReference section */

/* Begin PBXFileSystemSynchronizedRootGroup section */
		4B9222F42CB1FECE002923D9 /* LinkLibrary */ = {
			isa = PBXFileSystemSynchronizedRootGroup;
			path = LinkLibrary;
			sourceTree = "<group>";
		};
		4B9223052CB1FECF002923D9 /* LinkLibraryTests */ = {
			isa = PBXFileSystemSynchronizedRootGroup;
			path = LinkLibraryTests;
			sourceTree = "<group>";
		};
		4B92230F2CB1FECF002923D9 /* LinkLibraryUITests */ = {
			isa = PBXFileSystemSynchronizedRootGroup;
			path = LinkLibraryUITests;
			sourceTree = "<group>";
		};
/* End PBXFileSystemSynchronizedRootGroup section */

/* Begin PBXFrameworksBuildPhase section */
		4B9222EF2CB1FECE002923D9 /* Frameworks */ = {
			isa = PBXFrameworksBuildPhase;
			buildActionMask = 2147483647;
			files = (
			);
			runOnlyForDeploymentPostprocessing = 0;
		};
		4B9222FF2CB1FECF002923D9 /* Frameworks */ = {
			isa = PBXFrameworksBuildPhase;
			buildActionMask = 2147483647;
			files = (
			);
			runOnlyForDeploymentPostprocessing = 0;
		};
		4B9223092CB1FECF002923D9 /* Frameworks */ = {
			isa = PBXFrameworksBuildPhase;
			buildActionMask = 2147483647;
			files = (
			);
			runOnlyForDeploymentPostprocessing = 0;
		};
/* End PBXFrameworksBuildPhase section */

/* Begin PBXGroup section */
		4B9222E92CB1FECE002923D9 = {
			isa = PBXGroup;
			children = (
				4B9222F42CB1FECE002923D9 /* LinkLibrary */,
				4B9223052CB1FECF002923D9 /* LinkLibraryTests */,
				4B92230F2CB1FECF002923D9 /* LinkLibraryUITests */,
				4B9222F32CB1FECE002923D9 /* Products */,
			);
			sourceTree = "<group>";
		};
		4B9222F32CB1FECE002923D9 /* Products */ = {
			isa = PBXGroup;
			children = (
				4B9222F22CB1FECE002923D9 /* LinkLibrary.app */,
				4B9223022CB1FECF002923D9 /* LinkLibraryTests.xctest */,
				4B92230C2CB1FECF002923D9 /* LinkLibraryUITests.xctest */,
			);
			name = Products;
			sourceTree = "<group>";
		};
/* End PBXGroup section */

/* Begin PBXNativeTarget section */
		4B9222F12CB1FECE002923D9 /* LinkLibrary */ = {
			isa = PBXNativeTarget;
			buildConfigurationList = 4B9223162CB1FECF002923D9 /* Build configuration list for PBXNativeTarget "LinkLibrary" */;
			buildPhases = (
				4B9222EE2CB1FECE002923D9 /* Sources */,
				4B9222EF2CB1FECE002923D9 /* Frameworks */,
				4B9222F02CB1FECE002923D9 /* Resources */,
			);
			buildRules = (
			);
			dependencies = (
			);
			fileSystemSynchronizedGroups = (
				4B9222F42CB1FECE002923D9 /* LinkLibrary */,
			);
			name = LinkLibrary;
			packageProductDependencies = (
			);
			productName = LinkLibrary;
			productReference = 4B9222F22CB1FECE002923D9 /* LinkLibrary.app */;
			productType = "com.apple.product-type.application";
		};
		4B9223012CB1FECF002923D9 /* LinkLibraryTests */ = {
			isa = PBXNativeTarget;
			buildConfigurationList = 4B9223192CB1FECF002923D9 /* Build configuration list for PBXNativeTarget "LinkLibraryTests" */;
			buildPhases = (
				4B9222FE2CB1FECF002923D9 /* Sources */,
				4B9222FF2CB1FECF002923D9 /* Frameworks */,
				4B9223002CB1FECF002923D9 /* Resources */,
			);
			buildRules = (
			);
			dependencies = (
				4B9223042CB1FECF002923D9 /* PBXTargetDependency */,
			);
			fileSystemSynchronizedGroups = (
				4B9223052CB1FECF002923D9 /* LinkLibraryTests */,
			);
			name = LinkLibraryTests;
			packageProductDependencies = (
			);
			productName = LinkLibraryTests;
			productReference = 4B9223022CB1FECF002923D9 /* LinkLibraryTests.xctest */;
			productType = "com.apple.product-type.bundle.unit-test";
		};
		4B92230B2CB1FECF002923D9 /* LinkLibraryUITests */ = {
			isa = PBXNativeTarget;
			buildConfigurationList = 4B92231C2CB1FECF002923D9 /* Build configuration list for PBXNativeTarget "LinkLibraryUITests" */;
			buildPhases = (
				4B9223082CB1FECF002923D9 /* Sources */,
				4B9223092CB1FECF002923D9 /* Frameworks */,
				4B92230A2CB1FECF002923D9 /* Resources */,
			);
			buildRules = (
			);
			dependencies = (
				4B92230E2CB1FECF002923D9 /* PBXTargetDependency */,
			);
			fileSystemSynchronizedGroups = (
				4B92230F2CB1FECF002923D9 /* LinkLibraryUITests */,
			);
			name = LinkLibraryUITests;
			packageProductDependencies = (
			);
			productName = LinkLibraryUITests;
			productReference = 4B92230C2CB1FECF002923D9 /* LinkLibraryUITests.xctest */;
			productType = "com.apple.product-type.bundle.ui-testing";
		};
/* End PBXNativeTarget section */

/* Begin PBXProject section */
		4B9222EA2CB1FECE002923D9 /* Project object */ = {
			isa = PBXProject;
			attributes = {
				BuildIndependentTargetsInParallel = 1;
				LastSwiftUpdateCheck = 1600;
				LastUpgradeCheck = 1600;
				TargetAttributes = {
					4B9222F12CB1FECE002923D9 = {
						CreatedOnToolsVersion = 16.0;
					};
					4B9223012CB1FECF002923D9 = {
						CreatedOnToolsVersion = 16.0;
						TestTargetID = 4B9222F12CB1FECE002923D9;
					};
					4B92230B2CB1FECF002923D9 = {
						CreatedOnToolsVersion = 16.0;
						TestTargetID = 4B9222F12CB1FECE002923D9;
					};
				};
			};
			buildConfigurationList = 4B9222ED2CB1FECE002923D9 /* Build configuration list for PBXProject "LinkLibrary" */;
			developmentRegion = en;
			hasScannedForEncodings = 0;
			knownRegions = (
				en,
				Base,
			);
			mainGroup = 4B9222E92CB1FECE002923D9;
			minimizedProjectReferenceProxies = 1;
			preferredProjectObjectVersion = 77;
			productRefGroup = 4B9222F32CB1FECE002923D9 /* Products */;
			projectDirPath = "";
			projectRoot = "";
			targets = (
				4B9222F12CB1FECE002923D9 /* LinkLibrary */,
				4B9223012CB1FECF002923D9 /* LinkLibraryTests */,
				4B92230B2CB1FECF002923D9 /* LinkLibraryUITests */,
			);
		};
/* End PBXProject section */

/* Begin PBXResourcesBuildPhase section */
		4B9222F02CB1FECE002923D9 /* Resources */ = {
			isa = PBXResourcesBuildPhase;
			buildActionMask = 2147483647;
			files = (
			);
			runOnlyForDeploymentPostprocessing = 0;
		};
		4B9223002CB1FECF002923D9 /* Resources */ = {
			isa = PBXResourcesBuildPhase;
			buildActionMask = 2147483647;
			files = (
			);
			runOnlyForDeploymentPostprocessing = 0;
		};
		4B92230A2CB1FECF002923D9 /* Resources */ = {
			isa = PBXResourcesBuildPhase;
			buildActionMask = 2147483647;
			files = (
			);
			runOnlyForDeploymentPostprocessing = 0;
		};
/* End PBXResourcesBuildPhase section */

/* Begin PBXSourcesBuildPhase section */
		4B9222EE2CB1FECE002923D9 /* Sources */ = {
			isa = PBXSourcesBuildPhase;
			buildActionMask = 2147483647;
			files = (
			);
			runOnlyForDeploymentPostprocessing = 0;
		};
		4B9222FE2CB1FECF002923D9 /* Sources */ = {
			isa = PBXSourcesBuildPhase;
			buildActionMask = 2147483647;
			files = (
			);
			runOnlyForDeploymentPostprocessing = 0;
		};
		4B9223082CB1FECF002923D9 /* Sources */ = {
			isa = PBXSourcesBuildPhase;
			buildActionMask = 2147483647;
			files = (
			);
			runOnlyForDeploymentPostprocessing = 0;
		};
/* End PBXSourcesBuildPhase section */

/* Begin PBXTargetDependency section */
		4B9223042CB1FECF002923D9 /* PBXTargetDependency */ = {
			isa = PBXTargetDependency;
			target = 4B9222F12CB1FECE002923D9 /* LinkLibrary */;
			targetProxy = 4B9223032CB1FECF002923D9 /* PBXContainerItemProxy */;
		};
		4B92230E2CB1FECF002923D9 /* PBXTargetDependency */ = {
			isa = PBXTargetDependency;
			target = 4B9222F12CB1FECE002923D9 /* LinkLibrary */;
			targetProxy = 4B92230D2CB1FECF002923D9 /* PBXContainerItemProxy */;
		};
/* End PBXTargetDependency section */

/* Begin XCBuildConfiguration section */
		4B9223142CB1FECF002923D9 /* Debug */ = {
			isa = XCBuildConfiguration;
			buildSettings = {
				ALWAYS_SEARCH_USER_PATHS = NO;
				ASSETCATALOG_COMPILER_GENERATE_SWIFT_ASSET_SYMBOL_EXTENSIONS = YES;
				CLANG_ANALYZER_NONNULL = YES;
				CLANG_ANALYZER_NUMBER_OBJECT_CONVERSION = YES_AGGRESSIVE;
				CLANG_CXX_LANGUAGE_STANDARD = "gnu++20";
				CLANG_ENABLE_MODULES = YES;
				CLANG_ENABLE_OBJC_ARC = YES;
				CLANG_ENABLE_OBJC_WEAK = YES;
				CLANG_WARN_BLOCK_CAPTURE_AUTORELEASING = YES;
				CLANG_WARN_BOOL_CONVERSION = YES;
				CLANG_WARN_COMMA = YES;
				CLANG_WARN_CONSTANT_CONVERSION = YES;
				CLANG_WARN_DEPRECATED_OBJC_IMPLEMENTATIONS = YES;
				CLANG_WARN_DIRECT_OBJC_ISA_USAGE = YES_ERROR;
				CLANG_WARN_DOCUMENTATION_COMMENTS = YES;
				CLANG_WARN_EMPTY_BODY = YES;
				CLANG_WARN_ENUM_CONVERSION = YES;
				CLANG_WARN_INFINITE_RECURSION = YES;
				CLANG_WARN_INT_CONVERSION = YES;
				CLANG_WARN_NON_LITERAL_NULL_CONVERSION = YES;
				CLANG_WARN_OBJC_IMPLICIT_RETAIN_SELF = YES;
				CLANG_WARN_OBJC_LITERAL_CONVERSION = YES;
				CLANG_WARN_OBJC_ROOT_CLASS = YES_ERROR;
				CLANG_WARN_QUOTED_INCLUDE_IN_FRAMEWORK_HEADER = YES;
				CLANG_WARN_RANGE_LOOP_ANALYSIS = YES;
				CLANG_WARN_STRICT_PROTOTYPES = YES;
				CLANG_WARN_SUSPICIOUS_MOVE = YES;
				CLANG_WARN_UNGUARDED_AVAILABILITY = YES_AGGRESSIVE;
				CLANG_WARN_UNREACHABLE_CODE = YES;
				CLANG_WARN__DUPLICATE_METHOD_MATCH = YES;
				COPY_PHASE_STRIP = NO;
				DEBUG_INFORMATION_FORMAT = dwarf;
				ENABLE_STRICT_OBJC_MSGSEND = YES;
				ENABLE_TESTABILITY = YES;
				ENABLE_USER_SCRIPT_SANDBOXING = YES;
				GCC_C_LANGUAGE_STANDARD = gnu17;
				GCC_DYNAMIC_NO_PIC = NO;
				GCC_NO_COMMON_BLOCKS = YES;
				GCC_OPTIMIZATION_LEVEL = 0;
				GCC_PREPROCESSOR_DEFINITIONS = (
					"DEBUG=1",
					"$(inherited)",
				);
				GCC_WARN_64_TO_32_BIT_CONVERSION = YES;
				GCC_WARN_ABOUT_RETURN_TYPE = YES_ERROR;
				GCC_WARN_UNDECLARED_SELECTOR = YES;
				GCC_WARN_UNINITIALIZED_AUTOS = YES_AGGRESSIVE;
				GCC_WARN_UNUSED_FUNCTION = YES;
				GCC_WARN_UNUSED_VARIABLE = YES;
				IPHONEOS_DEPLOYMENT_TARGET = 18.0;
				LOCALIZATION_PREFERS_STRING_CATALOGS = YES;
				MTL_ENABLE_DEBUG_INFO = INCLUDE_SOURCE;
				MTL_FAST_MATH = YES;
				ONLY_ACTIVE_ARCH = YES;
				SDKROOT = iphoneos;
				SWIFT_ACTIVE_COMPILATION_CONDITIONS = "DEBUG $(inherited)";
				SWIFT_OPTIMIZATION_LEVEL = "-Onone";
			};
			name = Debug;
		};
		4B9223152CB1FECF002923D9 /* Release */ = {
			isa = XCBuildConfiguration;
			buildSettings = {
				ALWAYS_SEARCH_USER_PATHS = NO;
				ASSETCATALOG_COMPILER_GENERATE_SWIFT_ASSET_SYMBOL_EXTENSIONS = YES;
				CLANG_ANALYZER_NONNULL = YES;
				CLANG_ANALYZER_NUMBER_OBJECT_CONVERSION = YES_AGGRESSIVE;
				CLANG_CXX_LANGUAGE_STANDARD = "gnu++20";
				CLANG_ENABLE_MODULES = YES;
				CLANG_ENABLE_OBJC_ARC = YES;
				CLANG_ENABLE_OBJC_WEAK = YES;
				CLANG_WARN_BLOCK_CAPTURE_AUTORELEASING = YES;
				CLANG_WARN_BOOL_CONVERSION = YES;
				CLANG_WARN_COMMA = YES;
				CLANG_WARN_CONSTANT_CONVERSION = YES;
				CLANG_WARN_DEPRECATED_OBJC_IMPLEMENTATIONS = YES;
				CLANG_WARN_DIRECT_OBJC_ISA_USAGE = YES_ERROR;
				CLANG_WARN_DOCUMENTATION_COMMENTS = YES;
				CLANG_WARN_EMPTY_BODY = YES;
				CLANG_WARN_ENUM_CONVERSION = YES;
				CLANG_WARN_INFINITE_RECURSION = YES;
				CLANG_WARN_INT_CONVERSION = YES;
				CLANG_WARN_NON_LITERAL_NULL_CONVERSION = YES;
				CLANG_WARN_OBJC_IMPLICIT_RETAIN_SELF = YES;
				CLANG_WARN_OBJC_LITERAL_CONVERSION = YES;
				CLANG_WARN_OBJC_ROOT_CLASS = YES_ERROR;
				CLANG_WARN_QUOTED_INCLUDE_IN_FRAMEWORK_HEADER = YES;
				CLANG_WARN_RANGE_LOOP_ANALYSIS = YES;
				CLANG_WARN_STRICT_PROTOTYPES = YES;
				CLANG_WARN_SUSPICIOUS_MOVE = YES;
				CLANG_WARN_UNGUARDED_AVAILABILITY = YES_AGGRESSIVE;
				CLANG_WARN_UNREACHABLE_CODE = YES;
				CLANG_WARN__DUPLICATE_METHOD_MATCH = YES;
				COPY_PHASE_STRIP = NO;
				DEBUG_INFORMATION_FORMAT = "dwarf-with-dsym";
				ENABLE_NS_ASSERTIONS = NO;
				ENABLE_STRICT_OBJC_MSGSEND = YES;
				ENABLE_USER_SCRIPT_SANDBOXING = YES;
				GCC_C_LANGUAGE_STANDARD = gnu17;
				GCC_NO_COMMON_BLOCKS = YES;
				GCC_WARN_64_TO_32_BIT_CONVERSION = YES;
				GCC_WARN_ABOUT_RETURN_TYPE = YES_ERROR;
				GCC_WARN_UNDECLARED_SELECTOR = YES;
				GCC_WARN_UNINITIALIZED_AUTOS = YES_AGGRESSIVE;
				GCC_WARN_UNUSED_FUNCTION = YES;
				GCC_WARN_UNUSED_VARIABLE = YES;
				IPHONEOS_DEPLOYMENT_TARGET = 18.0;
				LOCALIZATION_PREFERS_STRING_CATALOGS = YES;
				MTL_ENABLE_DEBUG_INFO = NO;
				MTL_FAST_MATH = YES;
				SDKROOT = iphoneos;
				SWIFT_COMPILATION_MODE = wholemodule;
				VALIDATE_PRODUCT = YES;
			};
			name = Release;
		};
		4B9223172CB1FECF002923D9 /* Debug */ = {
			isa = XCBuildConfiguration;
			buildSettings = {
				ASSETCATALOG_COMPILER_APPICON_NAME = AppIcon;
				ASSETCATALOG_COMPILER_GLOBAL_ACCENT_COLOR_NAME = AccentColor;
				CODE_SIGN_STYLE = Automatic;
				CURRENT_PROJECT_VERSION = 1;
				DEVELOPMENT_ASSET_PATHS = "\"LinkLibrary/Preview Content\"";
				DEVELOPMENT_TEAM = LH8455G983;
				ENABLE_PREVIEWS = YES;
				GENERATE_INFOPLIST_FILE = YES;
				INFOPLIST_KEY_UIApplicationSceneManifest_Generation = YES;
				INFOPLIST_KEY_UIApplicationSupportsIndirectInputEvents = YES;
				INFOPLIST_KEY_UILaunchScreen_Generation = YES;
				INFOPLIST_KEY_UISupportedInterfaceOrientations_iPad = "UIInterfaceOrientationPortrait UIInterfaceOrientationPortraitUpsideDown UIInterfaceOrientationLandscapeLeft UIInterfaceOrientationLandscapeRight";
				INFOPLIST_KEY_UISupportedInterfaceOrientations_iPhone = "UIInterfaceOrientationPortrait UIInterfaceOrientationLandscapeLeft UIInterfaceOrientationLandscapeRight";
				LD_RUNPATH_SEARCH_PATHS = (
					"$(inherited)",
					"@executable_path/Frameworks",
				);
				MARKETING_VERSION = 1.0;
				PRODUCT_BUNDLE_IDENTIFIER = com.christopherfonseka.LinkLibrary;
				PRODUCT_NAME = "$(TARGET_NAME)";
				SWIFT_EMIT_LOC_STRINGS = YES;
				SWIFT_VERSION = 5.0;
				TARGETED_DEVICE_FAMILY = "1,2";
			};
			name = Debug;
		};
		4B9223182CB1FECF002923D9 /* Release */ = {
			isa = XCBuildConfiguration;
			buildSettings = {
				ASSETCATALOG_COMPILER_APPICON_NAME = AppIcon;
				ASSETCATALOG_COMPILER_GLOBAL_ACCENT_COLOR_NAME = AccentColor;
				CODE_SIGN_STYLE = Automatic;
				CURRENT_PROJECT_VERSION = 1;
				DEVELOPMENT_ASSET_PATHS = "\"LinkLibrary/Preview Content\"";
				DEVELOPMENT_TEAM = LH8455G983;
				ENABLE_PREVIEWS = YES;
				GENERATE_INFOPLIST_FILE = YES;
				INFOPLIST_KEY_UIApplicationSceneManifest_Generation = YES;
				INFOPLIST_KEY_UIApplicationSupportsIndirectInputEvents = YES;
				INFOPLIST_KEY_UILaunchScreen_Generation = YES;
				INFOPLIST_KEY_UISupportedInterfaceOrientations_iPad = "UIInterfaceOrientationPortrait UIInterfaceOrientationPortraitUpsideDown UIInterfaceOrientationLandscapeLeft UIInterfaceOrientationLandscapeRight";
				INFOPLIST_KEY_UISupportedInterfaceOrientations_iPhone = "UIInterfaceOrientationPortrait UIInterfaceOrientationLandscapeLeft UIInterfaceOrientationLandscapeRight";
				LD_RUNPATH_SEARCH_PATHS = (
					"$(inherited)",
					"@executable_path/Frameworks",
				);
				MARKETING_VERSION = 1.0;
				PRODUCT_BUNDLE_IDENTIFIER = com.christopherfonseka.LinkLibrary;
				PRODUCT_NAME = "$(TARGET_NAME)";
				SWIFT_EMIT_LOC_STRINGS = YES;
				SWIFT_VERSION = 5.0;
				TARGETED_DEVICE_FAMILY = "1,2";
			};
			name = Release;
		};
		4B92231A2CB1FECF002923D9 /* Debug */ = {
			isa = XCBuildConfiguration;
			buildSettings = {
				BUNDLE_LOADER = "$(TEST_HOST)";
				CODE_SIGN_STYLE = Automatic;
				CURRENT_PROJECT_VERSION = 1;
				DEVELOPMENT_TEAM = LH8455G983;
				GENERATE_INFOPLIST_FILE = YES;
				IPHONEOS_DEPLOYMENT_TARGET = 18.0;
				MARKETING_VERSION = 1.0;
				PRODUCT_BUNDLE_IDENTIFIER = com.christopherfonseka.LinkLibraryTests;
				PRODUCT_NAME = "$(TARGET_NAME)";
				SWIFT_EMIT_LOC_STRINGS = NO;
				SWIFT_VERSION = 5.0;
				TARGETED_DEVICE_FAMILY = "1,2";
				TEST_HOST = "$(BUILT_PRODUCTS_DIR)/LinkLibrary.app/$(BUNDLE_EXECUTABLE_FOLDER_PATH)/LinkLibrary";
			};
			name = Debug;
		};
		4B92231B2CB1FECF002923D9 /* Release */ = {
			isa = XCBuildConfiguration;
			buildSettings = {
				BUNDLE_LOADER = "$(TEST_HOST)";
				CODE_SIGN_STYLE = Automatic;
				CURRENT_PROJECT_VERSION = 1;
				DEVELOPMENT_TEAM = LH8455G983;
				GENERATE_INFOPLIST_FILE = YES;
				IPHONEOS_DEPLOYMENT_TARGET = 18.0;
				MARKETING_VERSION = 1.0;
				PRODUCT_BUNDLE_IDENTIFIER = com.christopherfonseka.LinkLibraryTests;
				PRODUCT_NAME = "$(TARGET_NAME)";
				SWIFT_EMIT_LOC_STRINGS = NO;
				SWIFT_VERSION = 5.0;
				TARGETED_DEVICE_FAMILY = "1,2";
				TEST_HOST = "$(BUILT_PRODUCTS_DIR)/LinkLibrary.app/$(BUNDLE_EXECUTABLE_FOLDER_PATH)/LinkLibrary";
			};
			name = Release;
		};
		4B92231D2CB1FECF002923D9 /* Debug */ = {
			isa = XCBuildConfiguration;
			buildSettings = {
				CODE_SIGN_STYLE = Automatic;
				CURRENT_PROJECT_VERSION = 1;
				DEVELOPMENT_TEAM = LH8455G983;
				GENERATE_INFOPLIST_FILE = YES;
				MARKETING_VERSION = 1.0;
				PRODUCT_BUNDLE_IDENTIFIER = com.christopherfonseka.LinkLibraryUITests;
				PRODUCT_NAME = "$(TARGET_NAME)";
				SWIFT_EMIT_LOC_STRINGS = NO;
				SWIFT_VERSION = 5.0;
				TARGETED_DEVICE_FAMILY = "1,2";
				TEST_TARGET_NAME = LinkLibrary;
			};
			name = Debug;
		};
		4B92231E2CB1FECF002923D9 /* Release */ = {
			isa = XCBuildConfiguration;
			buildSettings = {
				CODE_SIGN_STYLE = Automatic;
				CURRENT_PROJECT_VERSION = 1;
				DEVELOPMENT_TEAM = LH8455G983;
				GENERATE_INFOPLIST_FILE = YES;
				MARKETING_VERSION = 1.0;
				PRODUCT_BUNDLE_IDENTIFIER = com.christopherfonseka.LinkLibraryUITests;
				PRODUCT_NAME = "$(TARGET_NAME)";
				SWIFT_EMIT_LOC_STRINGS = NO;
				SWIFT_VERSION = 5.0;
				TARGETED_DEVICE_FAMILY = "1,2";
				TEST_TARGET_NAME = LinkLibrary;
			};
			name = Release;
		};
/* End XCBuildConfiguration section */

/* Begin XCConfigurationList section */
		4B9222ED2CB1FECE002923D9 /* Build configuration list for PBXProject "LinkLibrary" */ = {
			isa = XCConfigurationList;
			buildConfigurations = (
				4B9223142CB1FECF002923D9 /* Debug */,
				4B9223152CB1FECF002923D9 /* Release */,
			);
			defaultConfigurationIsVisible = 0;
			defaultConfigurationName = Release;
		};
		4B9223162CB1FECF002923D9 /* Build configuration list for PBXNativeTarget "LinkLibrary" */ = {
			isa = XCConfigurationList;
			buildConfigurations = (
				4B9223172CB1FECF002923D9 /* Debug */,
				4B9223182CB1FECF002923D9 /* Release */,
			);
			defaultConfigurationIsVisible = 0;
			defaultConfigurationName = Release;
		};
		4B9223192CB1FECF002923D9 /* Build configuration list for PBXNativeTarget "LinkLibraryTests" */ = {
			isa = XCConfigurationList;
			buildConfigurations = (
				4B92231A2CB1FECF002923D9 /* Debug */,
				4B92231B2CB1FECF002923D9 /* Release */,
			);
			defaultConfigurationIsVisible = 0;
			defaultConfigurationName = Release;
		};
		4B92231C2CB1FECF002923D9 /* Build configuration list for PBXNativeTarget "LinkLibraryUITests" */ = {
			isa = XCConfigurationList;
			buildConfigurations = (
				4B92231D2CB1FECF002923D9 /* Debug */,
				4B92231E2CB1FECF002923D9 /* Release */,
			);
			defaultConfigurationIsVisible = 0;
			defaultConfigurationName = Release;
		};
/* End XCConfigurationList section */
	};
	rootObject = 4B9222EA2CB1FECE002923D9 /* Project object */;
}
